{
  "name": "@rajesh896/browser-fingerprint",
  "version": "1.1.1",
  "lockfileVersion": 2,
  "requires": true,
  "packages": {
    "": {
      "name": "@rajesh896/browser-fingerprint",
      "version": "1.1.1",
      "license": "MIT",
      "dependencies": {
        "@rajesh896/browser-fingerprint": "^1.1.1",
        "crypto-js": "^4.1.1"
      },
      "devDependencies": {
        "@types/crypto-js": "^4.1.1"
      }
    },
    "node_modules/@rajesh896/browser-fingerprint": {
      "version": "1.1.1",
      "resolved": "https://registry.npmjs.org/@rajesh896/browser-fingerprint/-/browser-fingerprint-1.1.1.tgz",
      "integrity": "sha512-h9vtM6gDas0Ds5+hVCNbKWFd/TVD01lrcXlSgcZ2E1s4Q06EcXUTgOoGV5rLtN8so9M5FGTh8PSuY+8zgWgZAw==",
      "dependencies": {
        "crypto-js": "^4.1.1"
      }
    },
    "node_modules/@types/crypto-js": {
      "version": "4.1.1",
      "resolved": "https://registry.npmjs.org/@types/crypto-js/-/crypto-js-4.1.1.tgz",
      "integrity": "sha512-BG7fQKZ689HIoc5h+6D2Dgq1fABRa0RbBWKBd9SP/MVRVXROflpm5fhwyATX5duFmbStzyzyycPB8qUYKDH3NA==",
      "dev": true
    },
    "node_modules/crypto-js": {
      "version": "4.1.1",
      "resolved": "https://registry.npmjs.org/crypto-js/-/crypto-js-4.1.1.tgz",
      "integrity": "sha512-o2JlM7ydqd3Qk9CA0L4NL6mTzU2sdx96a+oOfPu8Mkl/PK51vSyoi8/rQ8NknZtk44vq15lmhAj9CIAGwgeWKw=="
    }
  },
  "dependencies": {
    "@rajesh896/browser-fingerprint": {
      "version": "1.1.1",
      "resolved": "https://registry.npmjs.org/@rajesh896/browser-fingerprint/-/browser-fingerprint-1.1.1.tgz",
      "integrity": "sha512-h9vtM6gDas0Ds5+hVCNbKWFd/TVD01lrcXlSgcZ2E1s4Q06EcXUTgOoGV5rLtN8so9M5FGTh8PSuY+8zgWgZAw==",
      "requires": {
        "crypto-js": "^4.1.1"
      }
    },
    "@types/crypto-js": {
      "version": "4.1.1",
      "resolved": "https://registry.npmjs.org/@types/crypto-js/-/crypto-js-4.1.1.tgz",
      "integrity": "sha512-BG7fQKZ689HIoc5h+6D2Dgq1fABRa0RbBWKBd9SP/MVRVXROflpm5fhwyATX5duFmbStzyzyycPB8qUYKDH3NA==",
      "dev": true
    },
    "crypto-js": {
      "version": "4.1.1",
      "resolved": "https://registry.npmjs.org/crypto-js/-/crypto-js-4.1.1.tgz",
      "integrity": "sha512-o2JlM7ydqd3Qk9CA0L4NL6mTzU2sdx96a+oOfPu8Mkl/PK51vSyoi8/rQ8NknZtk44vq15lmhAj9CIAGwgeWKw=="
    }
  }
}
